<?xml version="1.0" encoding="utf-8"?>
<Project ToolsVersion="4.0" xmlns="http://schemas.microsoft.com/developer/msbuild/2003">
  <ItemGroup>
    <Filter Include="源文件">
      <UniqueIdentifier>{4FC737F1-C7A5-4376-A066-2A32D752A2FF}</UniqueIdentifier>
      <Extensions>cpp;c;cc;cxx;def;odl;idl;hpj;bat;asm;asmx</Extensions>
    </Filter>
    <Filter Include="头文件">
      <UniqueIdentifier>{93995380-89BD-4b04-88EB-625FBE52EBFB}</UniqueIdentifier>
      <Extensions>h;hpp;hxx;hm;inl;inc;xsd</Extensions>
    </Filter>
    <Filter Include="资源文件">
      <UniqueIdentifier>{67DA6AB6-F800-4c08-8B7A-83BB121AAD01}</UniqueIdentifier>
      <Extensions>rc;ico;cur;bmp;dlg;rc2;rct;bin;rgs;gif;jpg;jpeg;jpe;resx;tiff;tif;png;wav;mfcribbon-ms</Extensions>
    </Filter>
    <Filter Include="web">
      <UniqueIdentifier>{5125c07f-2a80-4be8-a38b-0dbe62352d95}</UniqueIdentifier>
    </Filter>
    <Filter Include="KS_SpyAPI">
      <UniqueIdentifier>{4ce2323a-eea1-4f00-852e-3cf6d36dc688}</UniqueIdentifier>
    </Filter>
  </ItemGroup>
  <ItemGroup>
    <Text Include="ReadMe.txt" />
  </ItemGroup>
  <ItemGroup>
    <ClInclude Include="stdafx.h">
      <Filter>头文件</Filter>
    </ClInclude>
    <ClInclude Include="targetver.h">
      <Filter>头文件</Filter>
    </ClInclude>
    <ClInclude Include="SpyTreeNodeAttribute.h">
      <Filter>头文件</Filter>
    </ClInclude>
    <ClInclude Include="SpyTreeNode.h">
      <Filter>头文件</Filter>
    </ClInclude>
    <ClInclude Include="SpyTree.h">
      <Filter>头文件</Filter>
    </ClInclude>
    <ClInclude Include="Utility.h">
      <Filter>头文件</Filter>
    </ClInclude>
    <ClInclude Include="SpyContext.h">
      <Filter>头文件</Filter>
    </ClInclude>
    <ClInclude Include="KS_Json_Impl.h">
      <Filter>头文件</Filter>
    </ClInclude>
    <ClInclude Include="..\include\KS_Json.h">
      <Filter>KS_SpyAPI</Filter>
    </ClInclude>
    <ClInclude Include="..\include\KS_Spy.h">
      <Filter>KS_SpyAPI</Filter>
    </ClInclude>
  </ItemGroup>
  <ItemGroup>
    <ClCompile Include="stdafx.cpp">
      <Filter>源文件</Filter>
    </ClCompile>
    <ClCompile Include="KS_Spy.cpp">
      <Filter>源文件</Filter>
    </ClCompile>
    <ClCompile Include="dllmain.cpp">
      <Filter>源文件</Filter>
    </ClCompile>
    <ClCompile Include="SpyContext.cpp">
      <Filter>源文件</Filter>
    </ClCompile>
    <ClCompile Include="KS_Json.cpp">
      <Filter>源文件</Filter>
    </ClCompile>
    <ClCompile Include="Utility.cpp">
      <Filter>源文件</Filter>
    </ClCompile>
  </ItemGroup>
  <ItemGroup>
    <None Include="..\bin\web\index.html">
      <Filter>web</Filter>
    </None>
    <None Include="..\bin\web\demo.html">
      <Filter>web</Filter>
    </None>
  </ItemGroup>
</Project>