
Microsoft Visual Studio Solution File, Format Version 9.00
# Visual Studio 2005
Project("{8BC9CEB8-8B4A-11D0-8D11-00A0C91BC942}") = "testKSMarketDataAPI", "testKSMarketDataAPI.vcproj", "{DC67DA2C-02BB-4812-94E3-731B8F4171D5}"
EndProject
Global
	GlobalSection(SolutionConfigurationPlatforms) = preSolution
		Debug|Win32 = Debug|Win32
		Release|Win32 = Release|Win32
	EndGlobalSection
	GlobalSection(ProjectConfigurationPlatforms) = postSolution
		{DC67DA2C-02BB-4812-94E3-731B8F4171D5}.Debug|Win32.ActiveCfg = Debug|Win32
		{DC67DA2C-02BB-4812-94E3-731B8F4171D5}.Debug|Win32.Build.0 = Debug|Win32
		{DC67DA2C-02BB-4812-94E3-731B8F4171D5}.Release|Win32.ActiveCfg = Release|Win32
		{DC67DA2C-02BB-4812-94E3-731B8F4171D5}.Release|Win32.Build.0 = Release|Win32
	EndGlobalSection
	GlobalSection(SolutionProperties) = preSolution
		HideSolutionNode = FALSE
	EndGlobalSection
EndGlobal
