Microsoft Visual Studio Solution File, Format Version 12.00
# Visual Studio 2010
Project("{8BC9CEB8-8B4A-11D0-8D11-00A0C91BC942}") = "testKSFT4Spy", "testKSFT4Spy\testKSFT4Spy.vcxproj", "{967FD8DA-E65F-4D82-9D35-CB06F599890C}"
	ProjectSection(ProjectDependencies) = postProject
		{878566A7-8308-4E08-BB3C-C56D90481841} = {878566A7-8308-4E08-BB3C-C56D90481841}
	EndProjectSection
EndProject
Project("{8BC9CEB8-8B4A-11D0-8D11-00A0C91BC942}") = "KS_Spy", "KS_Spy\KS_Spy.vcxproj", "{878566A7-8308-4E08-BB3C-C56D90481841}"
EndProject
Project("{8BC9CEB8-8B4A-11D0-8D11-00A0C91BC942}") = "make_dist", "dist\dist.vcxproj", "{AF75A524-AD73-403E-8971-70CE25A77F0E}"
EndProject
Global
	GlobalSection(SolutionConfigurationPlatforms) = preSolution
		Debug|Win32 = Debug|Win32
		Release|Win32 = Release|Win32
	EndGlobalSection
	GlobalSection(ProjectConfigurationPlatforms) = postSolution
		{967FD8DA-E65F-4D82-9D35-CB06F599890C}.Debug|Win32.ActiveCfg = Debug|Win32
		{967FD8DA-E65F-4D82-9D35-CB06F599890C}.Debug|Win32.Build.0 = Debug|Win32
		{967FD8DA-E65F-4D82-9D35-CB06F599890C}.Release|Win32.ActiveCfg = Release|Win32
		{967FD8DA-E65F-4D82-9D35-CB06F599890C}.Release|Win32.Build.0 = Release|Win32
		{878566A7-8308-4E08-BB3C-C56D90481841}.Debug|Win32.ActiveCfg = Debug|Win32
		{878566A7-8308-4E08-BB3C-C56D90481841}.Debug|Win32.Build.0 = Debug|Win32
		{878566A7-8308-4E08-BB3C-C56D90481841}.Release|Win32.ActiveCfg = Release|Win32
		{878566A7-8308-4E08-BB3C-C56D90481841}.Release|Win32.Build.0 = Release|Win32
		{AF75A524-AD73-403E-8971-70CE25A77F0E}.Debug|Win32.ActiveCfg = Debug|Win32
		{AF75A524-AD73-403E-8971-70CE25A77F0E}.Debug|Win32.Build.0 = Debug|Win32
		{AF75A524-AD73-403E-8971-70CE25A77F0E}.Release|Win32.ActiveCfg = Release|Win32
		{AF75A524-AD73-403E-8971-70CE25A77F0E}.Release|Win32.Build.0 = Release|Win32
	EndGlobalSection
	GlobalSection(SolutionProperties) = preSolution
		HideSolutionNode = FALSE
	EndGlobalSection
EndGlobal
